
Microsoft Visual Studio Solution File, Format Version 12.00
# Visual Studio Version 17
VisualStudioVersion = 17.9.34723.18
MinimumVisualStudioVersion = 10.0.40219.1
Project("{FAE04EC0-301F-11D3-BF4B-00C04F79EFBC}") = "ATBM_APP", "ATBM_APP\ATBM_APP.csproj", "{74CBDB12-1CD2-4E5D-9F75-DB037A689CCB}"
EndProject
Global
	GlobalSection(SolutionConfigurationPlatforms) = preSolution
		Debug|Any CPU = Debug|Any CPU
		Release|Any CPU = Release|Any CPU
	EndGlobalSection
	GlobalSection(ProjectConfigurationPlatforms) = postSolution
		{74CBDB12-1CD2-4E5D-9F75-DB037A689CCB}.Debug|Any CPU.ActiveCfg = Debug|Any CPU
		{74CBDB12-1CD2-4E5D-9F75-DB037A689CCB}.Debug|Any CPU.Build.0 = Debug|Any CPU
		{74CBDB12-1CD2-4E5D-9F75-DB037A689CCB}.Release|Any CPU.ActiveCfg = Release|Any CPU
		{74CBDB12-1CD2-4E5D-9F75-DB037A689CCB}.Release|Any CPU.Build.0 = Release|Any CPU
	EndGlobalSection
	GlobalSection(SolutionProperties) = preSolution
		HideSolutionNode = FALSE
	EndGlobalSection
	GlobalSection(ExtensibilityGlobals) = postSolution
		SolutionGuid = {593E6CC3-50B0-4751-8969-1F9552E01A24}
	EndGlobalSection
EndGlobal
